
Microsoft Visual Studio Solution File, Format Version 12.00
# Visual Studio 15
VisualStudioVersion = 15.0.26730.16
MinimumVisualStudioVersion = 10.0.40219.1
Project("{FAE04EC0-301F-11D3-BF4B-00C04F79EFBC}") = "explorer", "explorer\explorer.csproj", "{39B69984-7E7F-47DA-A8B8-AE2DACA1FFA0}"
EndProject
Global
	GlobalSection(SolutionConfigurationPlatforms) = preSolution
		Debug|Any CPU = Debug|Any CPU
		Release|Any CPU = Release|Any CPU
	EndGlobalSection
	GlobalSection(ProjectConfigurationPlatforms) = postSolution
		{39B69984-7E7F-47DA-A8B8-AE2DACA1FFA0}.Debug|Any CPU.ActiveCfg = Debug|Any CPU
		{39B69984-7E7F-47DA-A8B8-AE2DACA1FFA0}.Debug|Any CPU.Build.0 = Debug|Any CPU
		{39B69984-7E7F-47DA-A8B8-AE2DACA1FFA0}.Release|Any CPU.ActiveCfg = Release|Any CPU
		{39B69984-7E7F-47DA-A8B8-AE2DACA1FFA0}.Release|Any CPU.Build.0 = Release|Any CPU
	EndGlobalSection
	GlobalSection(SolutionProperties) = preSolution
		HideSolutionNode = FALSE
	EndGlobalSection
	GlobalSection(ExtensibilityGlobals) = postSolution
		SolutionGuid = {5FDF4763-D97E-49EE-9471-165129B7225A}
	EndGlobalSection
EndGlobal
